version = 1
revision = 3
requires-python = ">=3.11"

[[package]]
name = "h5py"
version = "3.16.0"
source = { registry = "https://pypi.org/simple" }
dependencies = [
    { name = "numpy" },
]
sdist = { url = "https://files.pythonhosted.org/packages/db/33/acd0ce6863b6c0d7735007df01815403f5589a21ff8c2e1ee2587a38f548/h5py-3.16.0.tar.gz", hash = "sha256:a0dbaad796840ccaa67a4c144a0d0c8080073c34c76d5a6941d6818678ef2738", size = 446526, upload-time = "2026-03-06T13:49:08.07Z" }
wheels = [
    { url = "https://files.pythonhosted.org/packages/ba/95/a825894f3e45cbac7554c4e97314ce886b233a20033787eda755ca8fecc7/h5py-3.16.0-cp311-cp311-macosx_10_9_x86_64.whl", hash = "sha256:719439d14b83f74eeb080e9650a6c7aa6d0d9ea0ca7f804347b05fac6fbf18af", size = 3721663, upload-time = "2026-03-06T13:47:49.599Z" },
    { url = "https://files.pythonhosted.org/packages/bf/3b/38ff88b347c3e346cda1d3fc1b65a7aa75d40632228d8b8a5d7b58508c24/h5py-3.16.0-cp311-cp311-macosx_11_0_arm64.whl", hash = "sha256:c3f0a0e136f2e95dd0b67146abb6668af4f1a69c81ef8651a2d316e8e01de447", size = 3087630, upload-time = "2026-03-06T13:47:51.249Z" },
    { url = "https://files.pythonhosted.org/packages/98/a8/2594cef906aee761601eff842c7dc598bea2b394a3e1c00966832b8eeb7c/h5py-3.16.0-cp311-cp311-manylinux_2_28_aarch64.whl", hash = "sha256:a6fbc5367d4046801f9b7db9191b31895f22f1c6df1f9987d667854cac493538", size = 4823472, upload-time = "2026-03-06T13:47:53.085Z" },
    { url = "https://files.pythonhosted.org/packages/52/a0/c1f604538ff6db22a0690be2dc44ab59178e115f63c917794e529356ab23/h5py-3.16.0-cp311-cp311-manylinux_2_28_x86_64.whl", hash = "sha256:fb1720028d99040792bb2fb31facb8da44a6f29df7697e0b84f0d79aff2e9bd3", size = 5027150, upload-time = "2026-03-06T13:47:55.043Z" },
    { url = "https://files.pythonhosted.org/packages/2e/fd/301739083c2fc4fd89950f9bcfce75d6e14b40b0ca3d40e48a8993d1722c/h5py-3.16.0-cp311-cp311-musllinux_1_2_aarch64.whl", hash = "sha256:314b6054fe0b1051c2b0cb2df5cbdab15622fb05e80f202e3b6a5eee0d6fe365", size = 4814544, upload-time = "2026-03-06T13:47:56.893Z" },
    { url = "https://files.pythonhosted.org/packages/4c/42/2193ed41ccee78baba8fcc0cff2c925b8b9ee3793305b23e1f22c20bf4c7/h5py-3.16.0-cp311-cp311-musllinux_1_2_x86_64.whl", hash = "sha256:ffbab2fedd6581f6aa31cf1639ca2cb86e02779de525667892ebf4cc9fd26434", size = 5034013, upload-time = "2026-03-06T13:47:59.01Z" },
    { url = "https://files.pythonhosted.org/packages/f7/20/e6c0ff62ca2ad1a396a34f4380bafccaaf8791ff8fccf3d995a1fc12d417/h5py-3.16.0-cp311-cp311-win_amd64.whl", hash = "sha256:17d1f1630f92ad74494a9a7392ab25982ce2b469fc62da6074c0ce48366a2999", size = 3191673, upload-time = "2026-03-06T13:48:00.626Z" },
    { url = "https://files.pythonhosted.org/packages/f2/48/239cbe352ac4f2b8243a8e620fa1a2034635f633731493a7ff1ed71e8658/h5py-3.16.0-cp311-cp311-win_arm64.whl", hash = "sha256:85b9c49dd58dc44cf70af944784e2c2038b6f799665d0dcbbc812a26e0faa859", size = 2673834, upload-time = "2026-03-06T13:48:02.579Z" },
    { url = "https://files.pythonhosted.org/packages/c8/c0/5d4119dba94093bbafede500d3defd2f5eab7897732998c04b54021e530b/h5py-3.16.0-cp312-cp312-macosx_10_13_x86_64.whl", hash = "sha256:c5313566f4643121a78503a473f0fb1e6dcc541d5115c44f05e037609c565c4d", size = 3685604, upload-time = "2026-03-06T13:48:04.198Z" },
    { url = "https://files.pythonhosted.org/packages/b0/42/c84efcc1d4caebafb1ecd8be4643f39c85c47a80fe254d92b8b43b1eadaf/h5py-3.16.0-cp312-cp312-macosx_11_0_arm64.whl", hash = "sha256:42b012933a83e1a558c673176676a10ce2fd3759976a0fedee1e672d1e04fc9d", size = 3061940, upload-time = "2026-03-06T13:48:05.783Z" },
    { url = "https://files.pythonhosted.org/packages/89/84/06281c82d4d1686fde1ac6b0f307c50918f1c0151062445ab3b6fa5a921d/h5py-3.16.0-cp312-cp312-manylinux_2_28_aarch64.whl", hash = "sha256:ff24039e2573297787c3063df64b60aab0591980ac898329a08b0320e0cf2527", size = 5198852, upload-time = "2026-03-06T13:48:07.482Z" },
    { url = "https://files.pythonhosted.org/packages/9e/e9/1a19e42cd43cc1365e127db6aae85e1c671da1d9a5d746f4d34a50edb577/h5py-3.16.0-cp312-cp312-manylinux_2_28_x86_64.whl", hash = "sha256:dfc21898ff025f1e8e67e194965a95a8d4754f452f83454538f98f8a3fcb207e", size = 5405250, upload-time = "2026-03-06T13:48:09.628Z" },
    { url = "https://files.pythonhosted.org/packages/b7/8e/9790c1655eabeb85b92b1ecab7d7e62a2069e53baefd58c98f0909c7a948/h5py-3.16.0-cp312-cp312-musllinux_1_2_aarch64.whl", hash = "sha256:698dd69291272642ffda44a0ecd6cd3bda5faf9621452d255f57ce91487b9794", size = 5190108, upload-time = "2026-03-06T13:48:11.26Z" },
    { url = "https://files.pythonhosted.org/packages/51/d7/ab693274f1bd7e8c5f9fdd6c7003a88d59bedeaf8752716a55f532924fbb/h5py-3.16.0-cp312-cp312-musllinux_1_2_x86_64.whl", hash = "sha256:2b2c02b0a160faed5fb33f1ba8a264a37ee240b22e049ecc827345d0d9043074", size = 5419216, upload-time = "2026-03-06T13:48:13.322Z" },
    { url = "https://files.pythonhosted.org/packages/03/c1/0976b235cf29ead553e22f2fb6385a8252b533715e00d0ae52ed7b900582/h5py-3.16.0-cp312-cp312-win_amd64.whl", hash = "sha256:96b422019a1c8975c2d5dadcf61d4ba6f01c31f92bbde6e4649607885fe502d6", size = 3182868, upload-time = "2026-03-06T13:48:15.759Z" },
    { url = "https://files.pythonhosted.org/packages/14/d9/866b7e570b39070f92d47b0ff1800f0f8239b6f9e45f02363d7112336c1f/h5py-3.16.0-cp312-cp312-win_arm64.whl", hash = "sha256:39c2838fb1e8d97bcf1755e60ad1f3dd76a7b2a475928dc321672752678b96db", size = 2653286, upload-time = "2026-03-06T13:48:17.279Z" },
    { url = "https://files.pythonhosted.org/packages/0f/9e/6142ebfda0cb6e9349c091eae73c2e01a770b7659255248d637bec54a88b/h5py-3.16.0-cp313-cp313-macosx_10_13_x86_64.whl", hash = "sha256:370a845f432c2c9619db8eed334d1e610c6015796122b0e57aa46312c22617d9", size = 3671808, upload-time = "2026-03-06T13:48:19.737Z" },
    { url = "https://files.pythonhosted.org/packages/b0/65/5e088a45d0f43cd814bc5bec521c051d42005a472e804b1a36c48dada09b/h5py-3.16.0-cp313-cp313-macosx_11_0_arm64.whl", hash = "sha256:42108e93326c50c2810025aade9eac9d6827524cdccc7d4b75a546e5ab308edb", size = 3045837, upload-time = "2026-03-06T13:48:21.854Z" },
    { url = "https://files.pythonhosted.org/packages/da/1e/6172269e18cc5a484e2913ced33339aad588e02ba407fafd00d369e22ef3/h5py-3.16.0-cp313-cp313-manylinux_2_28_aarch64.whl", hash = "sha256:099f2525c9dcf28de366970a5fb34879aab20491589fa89ce2863a84218bb524", size = 5193860, upload-time = "2026-03-06T13:48:24.071Z" },
    { url = "https://files.pythonhosted.org/packages/bd/98/ef2b6fe2903e377cbe870c3b2800d62552f1e3dbe81ce49e1923c53d1c5c/h5py-3.16.0-cp313-cp313-manylinux_2_28_x86_64.whl", hash = "sha256:9300ad32dea9dfc5171f94d5f6948e159ed93e4701280b0f508773b3f582f402", size = 5400417, upload-time = "2026-03-06T13:48:25.728Z" },
    { url = "https://files.pythonhosted.org/packages/bc/81/5b62d760039eed64348c98129d17061fdfc7839fc9c04eaaad6dee1004e4/h5py-3.16.0-cp313-cp313-musllinux_1_2_aarch64.whl", hash = "sha256:171038f23bccddfc23f344cadabdfc9917ff554db6a0d417180d2747fe4c75a7", size = 5185214, upload-time = "2026-03-06T13:48:27.436Z" },
    { url = "https://files.pythonhosted.org/packages/28/c4/532123bcd9080e250696779c927f2cb906c8bf3447df98f5ceb8dcded539/h5py-3.16.0-cp313-cp313-musllinux_1_2_x86_64.whl", hash = "sha256:7e420b539fb6023a259a1b14d4c9f6df8cf50d7268f48e161169987a57b737ff", size = 5414598, upload-time = "2026-03-06T13:48:29.49Z" },
    { url = "https://files.pythonhosted.org/packages/c3/d9/a27997f84341fc0dfcdd1fe4179b6ba6c32a7aa880fdb8c514d4dad6fba3/h5py-3.16.0-cp313-cp313-win_amd64.whl", hash = "sha256:18f2bbcd545e6991412253b98727374c356d67caa920e68dc79eab36bf5fedad", size = 3175509, upload-time = "2026-03-06T13:48:31.131Z" },
    { url = "https://files.pythonhosted.org/packages/a5/23/bb8647521d4fd770c30a76cfc6cb6a2f5495868904054e92f2394c5a78ff/h5py-3.16.0-cp313-cp313-win_arm64.whl", hash = "sha256:656f00e4d903199a1d58df06b711cf3ca632b874b4207b7dbec86185b5c8c7d4", size = 2647362, upload-time = "2026-03-06T13:48:33.411Z" },
    { url = "https://files.pythonhosted.org/packages/48/3c/7fcd9b4c9eed82e91fb15568992561019ae7a829d1f696b2c844355d95dd/h5py-3.16.0-cp314-cp314-macosx_10_15_x86_64.whl", hash = "sha256:9c9d307c0ef862d1cd5714f72ecfafe0a5d7529c44845afa8de9f46e5ba8bd65", size = 3678608, upload-time = "2026-03-06T13:48:35.183Z" },
    { url = "https://files.pythonhosted.org/packages/6a/b7/9366ed44ced9b7ef357ab48c94205280276db9d7f064aa3012a97227e966/h5py-3.16.0-cp314-cp314-macosx_11_0_arm64.whl", hash = "sha256:8c1eff849cdd53cbc73c214c30ebdb6f1bb8b64790b4b4fc36acdb5e43570210", size = 3054773, upload-time = "2026-03-06T13:48:37.139Z" },
    { url = "https://files.pythonhosted.org/packages/58/a5/4964bc0e91e86340c2bbda83420225b2f770dcf1eb8a39464871ad769436/h5py-3.16.0-cp314-cp314-manylinux_2_28_aarch64.whl", hash = "sha256:e2c04d129f180019e216ee5f9c40b78a418634091c8782e1f723a6ca3658b965", size = 5198886, upload-time = "2026-03-06T13:48:38.879Z" },
    { url = "https://files.pythonhosted.org/packages/f1/16/d905e7f53e661ce2c24686c38048d8e2b750ffc4350009d41c4e6c6c9826/h5py-3.16.0-cp314-cp314-manylinux_2_28_x86_64.whl", hash = "sha256:e4360f15875a532bc7b98196c7592ed4fc92672a57c0a621355961cafb17a6dd", size = 5404883, upload-time = "2026-03-06T13:48:41.324Z" },
    { url = "https://files.pythonhosted.org/packages/4b/f2/58f34cb74af46d39f4cd18ea20909a8514960c5a3e5b92fd06a28161e0a8/h5py-3.16.0-cp314-cp314-musllinux_1_2_aarch64.whl", hash = "sha256:3fae9197390c325e62e0a1aa977f2f62d994aa87aab182abbea85479b791197c", size = 5192039, upload-time = "2026-03-06T13:48:43.117Z" },
    { url = "https://files.pythonhosted.org/packages/ce/ca/934a39c24ce2e2db017268c08da0537c20fa0be7e1549be3e977313fc8f5/h5py-3.16.0-cp314-cp314-musllinux_1_2_x86_64.whl", hash = "sha256:43259303989ac8adacc9986695b31e35dba6fd1e297ff9c6a04b7da5542139cc", size = 5421526, upload-time = "2026-03-06T13:48:44.838Z" },
    { url = "https://files.pythonhosted.org/packages/3e/14/615a450205e1b56d16c6783f5ccd116cde05550faad70ae077c955654a75/h5py-3.16.0-cp314-cp314-win_amd64.whl", hash = "sha256:fa48993a0b799737ba7fd21e2350fa0a60701e58180fae9f2de834bc39a147ab", size = 3183263, upload-time = "2026-03-06T13:48:47.117Z" },
    { url = "https://files.pythonhosted.org/packages/7b/48/a6faef5ed632cae0c65ac6b214a6614a0b510c3183532c521bdb0055e117/h5py-3.16.0-cp314-cp314-win_arm64.whl", hash = "sha256:1897a771a7f40d05c262fc8f37376ec37873218544b70216872876c627640f63", size = 2663450, upload-time = "2026-03-06T13:48:48.707Z" },
    { url = "https://files.pythonhosted.org/packages/5d/32/0c8bb8aedb62c772cf7c1d427c7d1951477e8c2835f872bc0a13d1f85f86/h5py-3.16.0-cp314-cp314t-macosx_10_15_x86_64.whl", hash = "sha256:15922e485844f77c0b9d275396d435db3baa58292a9c2176a386e072e0cf2491", size = 3760693, upload-time = "2026-03-06T13:48:50.453Z" },
    { url = "https://files.pythonhosted.org/packages/1d/1f/fcc5977d32d6387c5c9a694afee716a5e20658ac08b3ff24fdec79fb05f2/h5py-3.16.0-cp314-cp314t-macosx_11_0_arm64.whl", hash = "sha256:df02dd29bd247f98674634dfe41f89fd7c16ba3d7de8695ec958f58404a4e618", size = 3181305, upload-time = "2026-03-06T13:48:52.221Z" },
    { url = "https://files.pythonhosted.org/packages/f5/a1/af87f64b9f986889884243643621ebbd4ac72472ba8ec8cec891ac8e2ca1/h5py-3.16.0-cp314-cp314t-manylinux_2_28_aarch64.whl", hash = "sha256:0f456f556e4e2cebeebd9d66adf8dc321770a42593494a0b6f0af54a7567b242", size = 5074061, upload-time = "2026-03-06T13:48:54.089Z" },
    { url = "https://files.pythonhosted.org/packages/cc/d0/146f5eaff3dc246a9c7f6e5e4f42bd45cc613bce16693bcd4d1f7c958bf5/h5py-3.16.0-cp314-cp314t-manylinux_2_28_x86_64.whl", hash = "sha256:3e6cb3387c756de6a9492d601553dffea3fe11b5f22b443aac708c69f3f55e16", size = 5279216, upload-time = "2026-03-06T13:48:56.75Z" },
    { url = "https://files.pythonhosted.org/packages/a1/9d/12a13424f1e604fc7df9497b73c0356fb78c2fb206abd7465ce47226e8fd/h5py-3.16.0-cp314-cp314t-musllinux_1_2_aarch64.whl", hash = "sha256:8389e13a1fd745ad2856873e8187fd10268b2d9677877bb667b41aebd771d8b7", size = 5070068, upload-time = "2026-03-06T13:48:59.169Z" },
    { url = "https://files.pythonhosted.org/packages/41/8c/bbe98f813722b4873818a8db3e15aa3e625b59278566905ac439725e8070/h5py-3.16.0-cp314-cp314t-musllinux_1_2_x86_64.whl", hash = "sha256:346df559a0f7dcb31cf8e44805319e2ab24b8957c45e7708ce503b2ec79ba725", size = 5300253, upload-time = "2026-03-06T13:49:02.033Z" },
    { url = "https://files.pythonhosted.org/packages/32/9e/87e6705b4d6890e7cecdf876e2a7d3e40654a2ae37482d79a6f1b87f7b92/h5py-3.16.0-cp314-cp314t-win_amd64.whl", hash = "sha256:4c6ab014ab704b4feaa719ae783b86522ed0bf1f82184704ed3c9e4e3228796e", size = 3381671, upload-time = "2026-03-06T13:49:04.351Z" },
    { url = "https://files.pythonhosted.org/packages/96/91/9fad90cfc5f9b2489c7c26ad897157bce82f0e9534a986a221b99760b23b/h5py-3.16.0-cp314-cp314t-win_arm64.whl", hash = "sha256:faca8fb4e4319c09d83337adc80b2ca7d5c5a343c2d6f1b6388f32cfecca13c1", size = 2740706, upload-time = "2026-03-06T13:49:06.347Z" },
]

[[package]]
name = "numpy"
version = "1.26.4"
source = { registry = "https://pypi.org/simple" }
sdist = { url = "https://files.pythonhosted.org/packages/65/6e/09db70a523a96d25e115e71cc56a6f9031e7b8cd166c1ac8438307c14058/numpy-1.26.4.tar.gz", hash = "sha256:2a02aba9ed12e4ac4eb3ea9421c420301a0c6460d9830d74a9df87efa4912010", size = 15786129, upload-time = "2024-02-06T00:26:44.495Z" }
wheels = [
    { url = "https://files.pythonhosted.org/packages/11/57/baae43d14fe163fa0e4c47f307b6b2511ab8d7d30177c491960504252053/numpy-1.26.4-cp311-cp311-macosx_10_9_x86_64.whl", hash = "sha256:4c66707fabe114439db9068ee468c26bbdf909cac0fb58686a42a24de1760c71", size = 20630554, upload-time = "2024-02-05T23:51:50.149Z" },
    { url = "https://files.pythonhosted.org/packages/1a/2e/151484f49fd03944c4a3ad9c418ed193cfd02724e138ac8a9505d056c582/numpy-1.26.4-cp311-cp311-macosx_11_0_arm64.whl", hash = "sha256:edd8b5fe47dab091176d21bb6de568acdd906d1887a4584a15a9a96a1dca06ef", size = 13997127, upload-time = "2024-02-05T23:52:15.314Z" },
    { url = "https://files.pythonhosted.org/packages/79/ae/7e5b85136806f9dadf4878bf73cf223fe5c2636818ba3ab1c585d0403164/numpy-1.26.4-cp311-cp311-manylinux_2_17_aarch64.manylinux2014_aarch64.whl", hash = "sha256:7ab55401287bfec946ced39700c053796e7cc0e3acbef09993a9ad2adba6ca6e", size = 14222994, upload-time = "2024-02-05T23:52:47.569Z" },
    { url = "https://files.pythonhosted.org/packages/3a/d0/edc009c27b406c4f9cbc79274d6e46d634d139075492ad055e3d68445925/numpy-1.26.4-cp311-cp311-manylinux_2_17_x86_64.manylinux2014_x86_64.whl", hash = "sha256:666dbfb6ec68962c033a450943ded891bed2d54e6755e35e5835d63f4f6931d5", size = 18252005, upload-time = "2024-02-05T23:53:15.637Z" },
    { url = "https://files.pythonhosted.org/packages/09/bf/2b1aaf8f525f2923ff6cfcf134ae5e750e279ac65ebf386c75a0cf6da06a/numpy-1.26.4-cp311-cp311-musllinux_1_1_aarch64.whl", hash = "sha256:96ff0b2ad353d8f990b63294c8986f1ec3cb19d749234014f4e7eb0112ceba5a", size = 13885297, upload-time = "2024-02-05T23:53:42.16Z" },
    { url = "https://files.pythonhosted.org/packages/df/a0/4e0f14d847cfc2a633a1c8621d00724f3206cfeddeb66d35698c4e2cf3d2/numpy-1.26.4-cp311-cp311-musllinux_1_1_x86_64.whl", hash = "sha256:60dedbb91afcbfdc9bc0b1f3f402804070deed7392c23eb7a7f07fa857868e8a", size = 18093567, upload-time = "2024-02-05T23:54:11.696Z" },
    { url = "https://files.pythonhosted.org/packages/d2/b7/a734c733286e10a7f1a8ad1ae8c90f2d33bf604a96548e0a4a3a6739b468/numpy-1.26.4-cp311-cp311-win32.whl", hash = "sha256:1af303d6b2210eb850fcf03064d364652b7120803a0b872f5211f5234b399f20", size = 5968812, upload-time = "2024-02-05T23:54:26.453Z" },
    { url = "https://files.pythonhosted.org/packages/3f/6b/5610004206cf7f8e7ad91c5a85a8c71b2f2f8051a0c0c4d5916b76d6cbb2/numpy-1.26.4-cp311-cp311-win_amd64.whl", hash = "sha256:cd25bcecc4974d09257ffcd1f098ee778f7834c3ad767fe5db785be9a4aa9cb2", size = 15811913, upload-time = "2024-02-05T23:54:53.933Z" },
    { url = "https://files.pythonhosted.org/packages/95/12/8f2020a8e8b8383ac0177dc9570aad031a3beb12e38847f7129bacd96228/numpy-1.26.4-cp312-cp312-macosx_10_9_x86_64.whl", hash = "sha256:b3ce300f3644fb06443ee2222c2201dd3a89ea6040541412b8fa189341847218", size = 20335901, upload-time = "2024-02-05T23:55:32.801Z" },
    { url = "https://files.pythonhosted.org/packages/75/5b/ca6c8bd14007e5ca171c7c03102d17b4f4e0ceb53957e8c44343a9546dcc/numpy-1.26.4-cp312-cp312-macosx_11_0_arm64.whl", hash = "sha256:03a8c78d01d9781b28a6989f6fa1bb2c4f2d51201cf99d3dd875df6fbd96b23b", size = 13685868, upload-time = "2024-02-05T23:55:56.28Z" },
    { url = "https://files.pythonhosted.org/packages/79/f8/97f10e6755e2a7d027ca783f63044d5b1bc1ae7acb12afe6a9b4286eac17/numpy-1.26.4-cp312-cp312-manylinux_2_17_aarch64.manylinux2014_aarch64.whl", hash = "sha256:9fad7dcb1aac3c7f0584a5a8133e3a43eeb2fe127f47e3632d43d677c66c102b", size = 13925109, upload-time = "2024-02-05T23:56:20.368Z" },
    { url = "https://files.pythonhosted.org/packages/0f/50/de23fde84e45f5c4fda2488c759b69990fd4512387a8632860f3ac9cd225/numpy-1.26.4-cp312-cp312-manylinux_2_17_x86_64.manylinux2014_x86_64.whl", hash = "sha256:675d61ffbfa78604709862923189bad94014bef562cc35cf61d3a07bba02a7ed", size = 17950613, upload-time = "2024-02-05T23:56:56.054Z" },
    { url = "https://files.pythonhosted.org/packages/4c/0c/9c603826b6465e82591e05ca230dfc13376da512b25ccd0894709b054ed0/numpy-1.26.4-cp312-cp312-musllinux_1_1_aarch64.whl", hash = "sha256:ab47dbe5cc8210f55aa58e4805fe224dac469cde56b9f731a4c098b91917159a", size = 13572172, upload-time = "2024-02-05T23:57:21.56Z" },
    { url = "https://files.pythonhosted.org/packages/76/8c/2ba3902e1a0fc1c74962ea9bb33a534bb05984ad7ff9515bf8d07527cadd/numpy-1.26.4-cp312-cp312-musllinux_1_1_x86_64.whl", hash = "sha256:1dda2e7b4ec9dd512f84935c5f126c8bd8b9f2fc001e9f54af255e8c5f16b0e0", size = 17786643, upload-time = "2024-02-05T23:57:56.585Z" },
    { url = "https://files.pythonhosted.org/packages/28/4a/46d9e65106879492374999e76eb85f87b15328e06bd1550668f79f7b18c6/numpy-1.26.4-cp312-cp312-win32.whl", hash = "sha256:50193e430acfc1346175fcbdaa28ffec49947a06918b7b92130744e81e640110", size = 5677803, upload-time = "2024-02-05T23:58:08.963Z" },
    { url = "https://files.pythonhosted.org/packages/16/2e/86f24451c2d530c88daf997cb8d6ac622c1d40d19f5a031ed68a4b73a374/numpy-1.26.4-cp312-cp312-win_amd64.whl", hash = "sha256:08beddf13648eb95f8d867350f6a018a4be2e5ad54c8d8caed89ebca558b2818", size = 15517754, upload-time = "2024-02-05T23:58:36.364Z" },
]

[[package]]
name = "pyscf"
version = "2.6.2"
source = { registry = "https://pypi.org/simple" }
dependencies = [
    { name = "h5py" },
    { name = "numpy" },
    { name = "scipy" },
    { name = "setuptools" },
]
sdist = { url = "https://files.pythonhosted.org/packages/aa/8b/f9092c4709fcc52c842ff4869d18768b50a0926f92de796de9559efb3fb3/pyscf-2.6.2.tar.gz", hash = "sha256:744c89a8e4d38c4b5562f75fa68f9d079faeb23602d255fba0eb6d1bac97bca2", size = 8811769, upload-time = "2024-06-20T19:42:03.787Z" }
wheels = [
    { url = "https://files.pythonhosted.org/packages/2f/3c/f3de9a34d1a588ea57413382ba7e9dd8544c4e7030544ac04277299c7692/pyscf-2.6.2-py3-none-macosx_10_9_x86_64.whl", hash = "sha256:e1ac610e026066940c399fb3f56d03d8ccef2273a740e4dcb9f1ebdce17682de", size = 37895755, upload-time = "2024-06-20T19:05:05.766Z" },
    { url = "https://files.pythonhosted.org/packages/64/fc/ff1e6a384d49dbc9a92765eab3cf8af2b24754c7b1267e9cef3a9db51f08/pyscf-2.6.2-py3-none-macosx_11_0_arm64.whl", hash = "sha256:670c17dfc886dca005dbe0f2e44a2812e3b1cb7afc2ed6b9e32da5fd677835da", size = 32844409, upload-time = "2024-06-20T18:45:07.022Z" },
    { url = "https://files.pythonhosted.org/packages/e5/b6/ddf2b83794b21e64761f987d74bfd1bf4bbe54da5982b80d89ebbd1aa155/pyscf-2.6.2-py3-none-manylinux_2_17_aarch64.manylinux2014_aarch64.whl", hash = "sha256:693245bf12949f5dedb657de965bf7848145d93ade4d711f04eb5f13c184c5f7", size = 41899401, upload-time = "2024-06-20T22:27:25.011Z" },
    { url = "https://files.pythonhosted.org/packages/02/c7/829dad1a17b2879bed353fb7eb45350cb8ae55fa3a9637bc4025ac9c3bb1/pyscf-2.6.2-py3-none-manylinux_2_17_x86_64.manylinux2014_x86_64.whl", hash = "sha256:bb86aec02b3dc78d263176f2e8498a2e1d4f73191c2d90e7954e0c3cf748576c", size = 48598391, upload-time = "2024-06-20T19:01:50.5Z" },
]

[[package]]
name = "repl-nix-workspace"
version = "0.1.0"
source = { virtual = "." }
dependencies = [
    { name = "numpy" },
    { name = "pyscf" },
    { name = "scipy" },
]

[package.metadata]
requires-dist = [
    { name = "numpy", specifier = "==1.26.4" },
    { name = "pyscf", specifier = "==2.6.2" },
    { name = "scipy", specifier = "==1.13.1" },
]

[[package]]
name = "scipy"
version = "1.13.1"
source = { registry = "https://pypi.org/simple" }
dependencies = [
    { name = "numpy" },
]
sdist = { url = "https://files.pythonhosted.org/packages/ae/00/48c2f661e2816ccf2ecd77982f6605b2950afe60f60a52b4cbbc2504aa8f/scipy-1.13.1.tar.gz", hash = "sha256:095a87a0312b08dfd6a6155cbbd310a8c51800fc931b8c0b84003014b874ed3c", size = 57210720, upload-time = "2024-05-23T03:29:26.079Z" }
wheels = [
    { url = "https://files.pythonhosted.org/packages/b4/15/4a4bb1b15bbd2cd2786c4f46e76b871b28799b67891f23f455323a0cdcfb/scipy-1.13.1-cp311-cp311-macosx_10_9_x86_64.whl", hash = "sha256:27e52b09c0d3a1d5b63e1105f24177e544a222b43611aaf5bc44d4a0979e32f9", size = 39333805, upload-time = "2024-05-23T03:19:43.081Z" },
    { url = "https://files.pythonhosted.org/packages/ba/92/42476de1af309c27710004f5cdebc27bec62c204db42e05b23a302cb0c9a/scipy-1.13.1-cp311-cp311-macosx_12_0_arm64.whl", hash = "sha256:54f430b00f0133e2224c3ba42b805bfd0086fe488835effa33fa291561932326", size = 30317687, upload-time = "2024-05-23T03:19:48.799Z" },
    { url = "https://files.pythonhosted.org/packages/80/ba/8be64fe225360a4beb6840f3cbee494c107c0887f33350d0a47d55400b01/scipy-1.13.1-cp311-cp311-manylinux_2_17_aarch64.manylinux2014_aarch64.whl", hash = "sha256:e89369d27f9e7b0884ae559a3a956e77c02114cc60a6058b4e5011572eea9299", size = 33694638, upload-time = "2024-05-23T03:19:55.104Z" },
    { url = "https://files.pythonhosted.org/packages/36/07/035d22ff9795129c5a847c64cb43c1fa9188826b59344fee28a3ab02e283/scipy-1.13.1-cp311-cp311-manylinux_2_17_x86_64.manylinux2014_x86_64.whl", hash = "sha256:a78b4b3345f1b6f68a763c6e25c0c9a23a9fd0f39f5f3d200efe8feda560a5fa", size = 38569931, upload-time = "2024-05-23T03:20:01.82Z" },
    { url = "https://files.pythonhosted.org/packages/d9/10/f9b43de37e5ed91facc0cfff31d45ed0104f359e4f9a68416cbf4e790241/scipy-1.13.1-cp311-cp311-musllinux_1_1_x86_64.whl", hash = "sha256:45484bee6d65633752c490404513b9ef02475b4284c4cfab0ef946def50b3f59", size = 38838145, upload-time = "2024-05-23T03:20:09.173Z" },
    { url = "https://files.pythonhosted.org/packages/4a/48/4513a1a5623a23e95f94abd675ed91cfb19989c58e9f6f7d03990f6caf3d/scipy-1.13.1-cp311-cp311-win_amd64.whl", hash = "sha256:5713f62f781eebd8d597eb3f88b8bf9274e79eeabf63afb4a737abc6c84ad37b", size = 46196227, upload-time = "2024-05-23T03:20:16.433Z" },
    { url = "https://files.pythonhosted.org/packages/f2/7b/fb6b46fbee30fc7051913068758414f2721003a89dd9a707ad49174e3843/scipy-1.13.1-cp312-cp312-macosx_10_9_x86_64.whl", hash = "sha256:5d72782f39716b2b3509cd7c33cdc08c96f2f4d2b06d51e52fb45a19ca0c86a1", size = 39357301, upload-time = "2024-05-23T03:20:23.538Z" },
    { url = "https://files.pythonhosted.org/packages/dc/5a/2043a3bde1443d94014aaa41e0b50c39d046dda8360abd3b2a1d3f79907d/scipy-1.13.1-cp312-cp312-macosx_12_0_arm64.whl", hash = "sha256:017367484ce5498445aade74b1d5ab377acdc65e27095155e448c88497755a5d", size = 30363348, upload-time = "2024-05-23T03:20:29.885Z" },
    { url = "https://files.pythonhosted.org/packages/e7/cb/26e4a47364bbfdb3b7fb3363be6d8a1c543bcd70a7753ab397350f5f189a/scipy-1.13.1-cp312-cp312-manylinux_2_17_aarch64.manylinux2014_aarch64.whl", hash = "sha256:949ae67db5fa78a86e8fa644b9a6b07252f449dcf74247108c50e1d20d2b4627", size = 33406062, upload-time = "2024-05-23T03:20:36.012Z" },
    { url = "https://files.pythonhosted.org/packages/88/ab/6ecdc526d509d33814835447bbbeedbebdec7cca46ef495a61b00a35b4bf/scipy-1.13.1-cp312-cp312-manylinux_2_17_x86_64.manylinux2014_x86_64.whl", hash = "sha256:de3ade0e53bc1f21358aa74ff4830235d716211d7d077e340c7349bc3542e884", size = 38218311, upload-time = "2024-05-23T03:20:42.086Z" },
    { url = "https://files.pythonhosted.org/packages/0b/00/9f54554f0f8318100a71515122d8f4f503b1a2c4b4cfab3b4b68c0eb08fa/scipy-1.13.1-cp312-cp312-musllinux_1_1_x86_64.whl", hash = "sha256:2ac65fb503dad64218c228e2dc2d0a0193f7904747db43014645ae139c8fad16", size = 38442493, upload-time = "2024-05-23T03:20:48.292Z" },
    { url = "https://files.pythonhosted.org/packages/3e/df/963384e90733e08eac978cd103c34df181d1fec424de383cdc443f418dd4/scipy-1.13.1-cp312-cp312-win_amd64.whl", hash = "sha256:cdd7dacfb95fea358916410ec61bbc20440f7860333aee6d882bb8046264e949", size = 45910955, upload-time = "2024-05-23T03:20:55.091Z" },
]

[[package]]
name = "setuptools"
version = "82.0.0"
source = { registry = "https://pypi.org/simple" }
sdist = { url = "https://files.pythonhosted.org/packages/82/f3/748f4d6f65d1756b9ae577f329c951cda23fb900e4de9f70900ced962085/setuptools-82.0.0.tar.gz", hash = "sha256:22e0a2d69474c6ae4feb01951cb69d515ed23728cf96d05513d36e42b62b37cb", size = 1144893, upload-time = "2026-02-08T15:08:40.206Z" }
wheels = [
    { url = "https://files.pythonhosted.org/packages/e1/c6/76dc613121b793286a3f91621d7b75a2b493e0390ddca50f11993eadf192/setuptools-82.0.0-py3-none-any.whl", hash = "sha256:70b18734b607bd1da571d097d236cfcfacaf01de45717d59e6e04b96877532e0", size = 1003468, upload-time = "2026-02-08T15:08:38.723Z" },
]
